
Microsoft Visual Studio Solution File, Format Version 12.00
# Visual Studio Version 17
VisualStudioVersion = 17.8.34525.116
MinimumVisualStudioVersion = 10.0.40219.1
Project("{FAE04EC0-301F-11D3-BF4B-00C04F79EFBC}") = "Blogge.Web", "Blogge.Web\Blogge.Web.csproj", "{91110B35-691F-4043-B5A3-E52203490C84}"
EndProject
Global
	GlobalSection(SolutionConfigurationPlatforms) = preSolution
		Debug|Any CPU = Debug|Any CPU
		Release|Any CPU = Release|Any CPU
	EndGlobalSection
	GlobalSection(ProjectConfigurationPlatforms) = postSolution
		{91110B35-691F-4043-B5A3-E52203490C84}.Debug|Any CPU.ActiveCfg = Debug|Any CPU
		{91110B35-691F-4043-B5A3-E52203490C84}.Debug|Any CPU.Build.0 = Debug|Any CPU
		{91110B35-691F-4043-B5A3-E52203490C84}.Release|Any CPU.ActiveCfg = Release|Any CPU
		{91110B35-691F-4043-B5A3-E52203490C84}.Release|Any CPU.Build.0 = Release|Any CPU
	EndGlobalSection
	GlobalSection(SolutionProperties) = preSolution
		HideSolutionNode = FALSE
	EndGlobalSection
	GlobalSection(ExtensibilityGlobals) = postSolution
		SolutionGuid = {6342686C-B97A-48D2-B108-2987CC52EE5C}
	EndGlobalSection
EndGlobal
